
Microsoft Visual Studio Solution File, Format Version 12.00
# Visual Studio Version 17
VisualStudioVersion = 17.4.33213.308
MinimumVisualStudioVersion = 10.0.40219.1
Project("{FAE04EC0-301F-11D3-BF4B-00C04F79EFBC}") = "Lesson16", "Lesson16\Lesson16.csproj", "{338C3982-FD21-4128-AF77-9CA2063756CD}"
EndProject
Global
	GlobalSection(SolutionConfigurationPlatforms) = preSolution
		Debug|Any CPU = Debug|Any CPU
		Release|Any CPU = Release|Any CPU
	EndGlobalSection
	GlobalSection(ProjectConfigurationPlatforms) = postSolution
		{338C3982-FD21-4128-AF77-9CA2063756CD}.Debug|Any CPU.ActiveCfg = Debug|Any CPU
		{338C3982-FD21-4128-AF77-9CA2063756CD}.Debug|Any CPU.Build.0 = Debug|Any CPU
		{338C3982-FD21-4128-AF77-9CA2063756CD}.Release|Any CPU.ActiveCfg = Release|Any CPU
		{338C3982-FD21-4128-AF77-9CA2063756CD}.Release|Any CPU.Build.0 = Release|Any CPU
	EndGlobalSection
	GlobalSection(SolutionProperties) = preSolution
		HideSolutionNode = FALSE
	EndGlobalSection
	GlobalSection(ExtensibilityGlobals) = postSolution
		SolutionGuid = {EFE0F02A-E03C-4495-A72E-AE6DA92ADCE7}
	EndGlobalSection
EndGlobal
